
Microsoft Visual Studio Solution File, Format Version 12.00
# Visual Studio Version 17
VisualStudioVersion = 17.4.33103.184
MinimumVisualStudioVersion = 10.0.40219.1
Project("{FAE04EC0-301F-11D3-BF4B-00C04F79EFBC}") = "Doing Calculations with Variables", "Doing Calculations with Variables\Doing Calculations with Variables.csproj", "{40EFE3B7-45CC-43AB-9A61-E2D90016004A}"
EndProject
Global
	GlobalSection(SolutionConfigurationPlatforms) = preSolution
		Debug|Any CPU = Debug|Any CPU
		Release|Any CPU = Release|Any CPU
	EndGlobalSection
	GlobalSection(ProjectConfigurationPlatforms) = postSolution
		{40EFE3B7-45CC-43AB-9A61-E2D90016004A}.Debug|Any CPU.ActiveCfg = Debug|Any CPU
		{40EFE3B7-45CC-43AB-9A61-E2D90016004A}.Debug|Any CPU.Build.0 = Debug|Any CPU
		{40EFE3B7-45CC-43AB-9A61-E2D90016004A}.Release|Any CPU.ActiveCfg = Release|Any CPU
		{40EFE3B7-45CC-43AB-9A61-E2D90016004A}.Release|Any CPU.Build.0 = Release|Any CPU
	EndGlobalSection
	GlobalSection(SolutionProperties) = preSolution
		HideSolutionNode = FALSE
	EndGlobalSection
	GlobalSection(ExtensibilityGlobals) = postSolution
		SolutionGuid = {93898846-9B58-48FC-92F0-101BA3A6A787}
	EndGlobalSection
EndGlobal
